
Microsoft Visual Studio Solution File, Format Version 12.00
# Visual Studio Version 16
VisualStudioVersion = 16.0.32802.440
MinimumVisualStudioVersion = 10.0.40219.1
Project("{FAE04EC0-301F-11D3-BF4B-00C04F79EFBC}") = "WPF-LoginForm", "WPF-LoginForm\WPF-LoginForm.csproj", "{16974CF2-72BF-479B-B6E7-D2A7C55466F4}"
EndProject
Global
	GlobalSection(SolutionConfigurationPlatforms) = preSolution
		Debug|Any CPU = Debug|Any CPU
		Release|Any CPU = Release|Any CPU
	EndGlobalSection
	GlobalSection(ProjectConfigurationPlatforms) = postSolution
		{16974CF2-72BF-479B-B6E7-D2A7C55466F4}.Debug|Any CPU.ActiveCfg = Debug|Any CPU
		{16974CF2-72BF-479B-B6E7-D2A7C55466F4}.Debug|Any CPU.Build.0 = Debug|Any CPU
		{16974CF2-72BF-479B-B6E7-D2A7C55466F4}.Release|Any CPU.ActiveCfg = Release|Any CPU
		{16974CF2-72BF-479B-B6E7-D2A7C55466F4}.Release|Any CPU.Build.0 = Release|Any CPU
	EndGlobalSection
	GlobalSection(SolutionProperties) = preSolution
		HideSolutionNode = FALSE
	EndGlobalSection
	GlobalSection(ExtensibilityGlobals) = postSolution
		SolutionGuid = {6AE18E0D-1F89-4435-9EC3-9DEB2B4C1540}
	EndGlobalSection
EndGlobal
